{
    "_readme": [
        "This file locks the dependencies of your project to a known state",
        "Read more about it at http://getcomposer.org/doc/01-basic-usage.md#composer-lock-the-lock-file"
    ],
    "hash": "dfe5d4ed01a7f60286577528c630a3fe",
    "packages": [
        {
            "name": "fusesource/stomp-php",
            "version": "2.0.1",
            "source": {
                "type": "git",
                "url": "git://github.com/dejanb/stomp-php.git",
                "reference": "2.0.1"
            },
            "dist": {
                "type": "zip",
                "url": "https://github.com/dejanb/stomp-php/zipball/2.0.1",
                "reference": "2.0.1",
                "shasum": ""
            },
            "require": {
                "php": ">=5.3.0"
            },
            "type": "library",
            "autoload": {
                "psr-0": {
                    "FuseSource": "src/main"
                }
            },
            "notification-url": "https://packagist.org/downloads/",
            "license": [
                "Apache 2.0"
            ],
            "authors": [
                {
                    "name": "Dejan Bosnanac",
                    "email": "dejan@nighttale.net",
                    "homepage": "http://www.nighttale.net"
                },
                {
                    "name": "Sören Rohweder",
                    "email": "s.rohweder@blage.net",
                    "homepage": "http://www.monofone.de"
                }
            ],
            "description": "stomp support for PHP",
            "homepage": "http://github.com/dejanb/stomp-php",
            "keywords": [
                "activeMQ",
                "jms",
                "messaging",
                "stomp"
            ],
            "time": "2012-07-13 06:40:27"
        }
    ],
    "packages-dev": null,
    "aliases": [

    ],
    "minimum-stability": "stable",
    "stability-flags": [

    ],
    "platform": {
        "php": ">=5.3.4"
    },
    "platform-dev": [

    ]
}
